
Microsoft Visual Studio Solution File, Format Version 12.00
# Visual Studio 15
VisualStudioVersion = 15.0.28307.106
MinimumVisualStudioVersion = 10.0.40219.1
Project("{FAE04EC0-301F-11D3-BF4B-00C04F79EFBC}") = "ForumDonwloader", "ForumDonwloader\ForumDonwloader.csproj", "{13ADA6B7-3F48-43E1-8005-5C66ADC209E1}"
EndProject
Project("{FAE04EC0-301F-11D3-BF4B-00C04F79EFBC}") = "Framework", "Framework\Framework.csproj", "{7AE4FB95-428D-4CCF-B1D7-5BCD1B673878}"
EndProject
Project("{FAE04EC0-301F-11D3-BF4B-00C04F79EFBC}") = "RarbgDownloader", "RarbgDownloader\RarbgDownloader.csproj", "{8976EE64-481B-41A4-A53D-3AE28AEE9C75}"
EndProject
Project("{FAE04EC0-301F-11D3-BF4B-00C04F79EFBC}") = "Test", "Test\Test.csproj", "{2CC3625D-6CB6-4E09-AB8D-89FE0C6203B0}"
EndProject
Project("{FAE04EC0-301F-11D3-BF4B-00C04F79EFBC}") = "Sis001Downloader", "Sis001Downloader\Sis001Downloader.csproj", "{457B00CE-7F10-4434-B9F2-ABCAB82FE289}"
EndProject
Project("{FAE04EC0-301F-11D3-BF4B-00C04F79EFBC}") = "JavBusDownloader", "JavBusDownloader\JavBusDownloader.csproj", "{54498FDE-2A22-4920-98BE-039F72C79719}"
EndProject
Project("{FAE04EC0-301F-11D3-BF4B-00C04F79EFBC}") = "AkibaOnlineDownloader", "AkibaOnlineDownloader\AkibaOnlineDownloader.csproj", "{6D09C436-EF4F-41F8-B92D-3C8B97CDEDB7}"
EndProject
Project("{FAE04EC0-301F-11D3-BF4B-00C04F79EFBC}") = "ThzDownloader", "ThzDownloader\ThzDownloader.csproj", "{233E5D1B-F9CA-4B69-BE2B-E2698ED84462}"
EndProject
Project("{FAE04EC0-301F-11D3-BF4B-00C04F79EFBC}") = "WindowsFormsApplication1", "WindowsFormsApplication1\WindowsFormsApplication1.csproj", "{BC723166-9AA6-4E4A-A71E-483C91356DE3}"
EndProject
Project("{FAE04EC0-301F-11D3-BF4B-00C04F79EFBC}") = "BrowserDownloader", "BrowserDownloader\BrowserDownloader.csproj", "{C2296151-5300-49FE-BCC9-E8402D063C51}"
EndProject
Global
	GlobalSection(SolutionConfigurationPlatforms) = preSolution
		Debug|Any CPU = Debug|Any CPU
		Debug|Mixed Platforms = Debug|Mixed Platforms
		Debug|x86 = Debug|x86
		Release|Any CPU = Release|Any CPU
		Release|Mixed Platforms = Release|Mixed Platforms
		Release|x86 = Release|x86
	EndGlobalSection
	GlobalSection(ProjectConfigurationPlatforms) = postSolution
		{13ADA6B7-3F48-43E1-8005-5C66ADC209E1}.Debug|Any CPU.ActiveCfg = Debug|x86
		{13ADA6B7-3F48-43E1-8005-5C66ADC209E1}.Debug|Mixed Platforms.ActiveCfg = Debug|x86
		{13ADA6B7-3F48-43E1-8005-5C66ADC209E1}.Debug|Mixed Platforms.Build.0 = Debug|x86
		{13ADA6B7-3F48-43E1-8005-5C66ADC209E1}.Debug|x86.ActiveCfg = Debug|x86
		{13ADA6B7-3F48-43E1-8005-5C66ADC209E1}.Debug|x86.Build.0 = Debug|x86
		{13ADA6B7-3F48-43E1-8005-5C66ADC209E1}.Release|Any CPU.ActiveCfg = Release|x86
		{13ADA6B7-3F48-43E1-8005-5C66ADC209E1}.Release|Mixed Platforms.ActiveCfg = Release|x86
		{13ADA6B7-3F48-43E1-8005-5C66ADC209E1}.Release|Mixed Platforms.Build.0 = Release|x86
		{13ADA6B7-3F48-43E1-8005-5C66ADC209E1}.Release|x86.ActiveCfg = Release|x86
		{13ADA6B7-3F48-43E1-8005-5C66ADC209E1}.Release|x86.Build.0 = Release|x86
		{7AE4FB95-428D-4CCF-B1D7-5BCD1B673878}.Debug|Any CPU.ActiveCfg = Debug|Any CPU
		{7AE4FB95-428D-4CCF-B1D7-5BCD1B673878}.Debug|Any CPU.Build.0 = Debug|Any CPU
		{7AE4FB95-428D-4CCF-B1D7-5BCD1B673878}.Debug|Mixed Platforms.ActiveCfg = Debug|Any CPU
		{7AE4FB95-428D-4CCF-B1D7-5BCD1B673878}.Debug|Mixed Platforms.Build.0 = Debug|Any CPU
		{7AE4FB95-428D-4CCF-B1D7-5BCD1B673878}.Debug|x86.ActiveCfg = Debug|Any CPU
		{7AE4FB95-428D-4CCF-B1D7-5BCD1B673878}.Release|Any CPU.ActiveCfg = Release|Any CPU
		{7AE4FB95-428D-4CCF-B1D7-5BCD1B673878}.Release|Any CPU.Build.0 = Release|Any CPU
		{7AE4FB95-428D-4CCF-B1D7-5BCD1B673878}.Release|Mixed Platforms.ActiveCfg = Release|Any CPU
		{7AE4FB95-428D-4CCF-B1D7-5BCD1B673878}.Release|Mixed Platforms.Build.0 = Release|Any CPU
		{7AE4FB95-428D-4CCF-B1D7-5BCD1B673878}.Release|x86.ActiveCfg = Release|Any CPU
		{8976EE64-481B-41A4-A53D-3AE28AEE9C75}.Debug|Any CPU.ActiveCfg = Debug|Any CPU
		{8976EE64-481B-41A4-A53D-3AE28AEE9C75}.Debug|Any CPU.Build.0 = Debug|Any CPU
		{8976EE64-481B-41A4-A53D-3AE28AEE9C75}.Debug|Mixed Platforms.ActiveCfg = Debug|Any CPU
		{8976EE64-481B-41A4-A53D-3AE28AEE9C75}.Debug|Mixed Platforms.Build.0 = Debug|Any CPU
		{8976EE64-481B-41A4-A53D-3AE28AEE9C75}.Debug|x86.ActiveCfg = Debug|Any CPU
		{8976EE64-481B-41A4-A53D-3AE28AEE9C75}.Release|Any CPU.ActiveCfg = Release|Any CPU
		{8976EE64-481B-41A4-A53D-3AE28AEE9C75}.Release|Any CPU.Build.0 = Release|Any CPU
		{8976EE64-481B-41A4-A53D-3AE28AEE9C75}.Release|Mixed Platforms.ActiveCfg = Release|Any CPU
		{8976EE64-481B-41A4-A53D-3AE28AEE9C75}.Release|Mixed Platforms.Build.0 = Release|Any CPU
		{8976EE64-481B-41A4-A53D-3AE28AEE9C75}.Release|x86.ActiveCfg = Release|Any CPU
		{2CC3625D-6CB6-4E09-AB8D-89FE0C6203B0}.Debug|Any CPU.ActiveCfg = Debug|x86
		{2CC3625D-6CB6-4E09-AB8D-89FE0C6203B0}.Debug|Mixed Platforms.ActiveCfg = Debug|x86
		{2CC3625D-6CB6-4E09-AB8D-89FE0C6203B0}.Debug|Mixed Platforms.Build.0 = Debug|x86
		{2CC3625D-6CB6-4E09-AB8D-89FE0C6203B0}.Debug|x86.ActiveCfg = Debug|x86
		{2CC3625D-6CB6-4E09-AB8D-89FE0C6203B0}.Debug|x86.Build.0 = Debug|x86
		{2CC3625D-6CB6-4E09-AB8D-89FE0C6203B0}.Release|Any CPU.ActiveCfg = Release|x86
		{2CC3625D-6CB6-4E09-AB8D-89FE0C6203B0}.Release|Mixed Platforms.ActiveCfg = Release|x86
		{2CC3625D-6CB6-4E09-AB8D-89FE0C6203B0}.Release|Mixed Platforms.Build.0 = Release|x86
		{2CC3625D-6CB6-4E09-AB8D-89FE0C6203B0}.Release|x86.ActiveCfg = Release|x86
		{2CC3625D-6CB6-4E09-AB8D-89FE0C6203B0}.Release|x86.Build.0 = Release|x86
		{457B00CE-7F10-4434-B9F2-ABCAB82FE289}.Debug|Any CPU.ActiveCfg = Debug|Any CPU
		{457B00CE-7F10-4434-B9F2-ABCAB82FE289}.Debug|Any CPU.Build.0 = Debug|Any CPU
		{457B00CE-7F10-4434-B9F2-ABCAB82FE289}.Debug|Mixed Platforms.ActiveCfg = Debug|Any CPU
		{457B00CE-7F10-4434-B9F2-ABCAB82FE289}.Debug|Mixed Platforms.Build.0 = Debug|Any CPU
		{457B00CE-7F10-4434-B9F2-ABCAB82FE289}.Debug|x86.ActiveCfg = Debug|Any CPU
		{457B00CE-7F10-4434-B9F2-ABCAB82FE289}.Release|Any CPU.ActiveCfg = Release|Any CPU
		{457B00CE-7F10-4434-B9F2-ABCAB82FE289}.Release|Any CPU.Build.0 = Release|Any CPU
		{457B00CE-7F10-4434-B9F2-ABCAB82FE289}.Release|Mixed Platforms.ActiveCfg = Release|Any CPU
		{457B00CE-7F10-4434-B9F2-ABCAB82FE289}.Release|Mixed Platforms.Build.0 = Release|Any CPU
		{457B00CE-7F10-4434-B9F2-ABCAB82FE289}.Release|x86.ActiveCfg = Release|Any CPU
		{54498FDE-2A22-4920-98BE-039F72C79719}.Debug|Any CPU.ActiveCfg = Debug|Any CPU
		{54498FDE-2A22-4920-98BE-039F72C79719}.Debug|Any CPU.Build.0 = Debug|Any CPU
		{54498FDE-2A22-4920-98BE-039F72C79719}.Debug|Mixed Platforms.ActiveCfg = Debug|Any CPU
		{54498FDE-2A22-4920-98BE-039F72C79719}.Debug|Mixed Platforms.Build.0 = Debug|Any CPU
		{54498FDE-2A22-4920-98BE-039F72C79719}.Debug|x86.ActiveCfg = Debug|Any CPU
		{54498FDE-2A22-4920-98BE-039F72C79719}.Release|Any CPU.ActiveCfg = Release|Any CPU
		{54498FDE-2A22-4920-98BE-039F72C79719}.Release|Any CPU.Build.0 = Release|Any CPU
		{54498FDE-2A22-4920-98BE-039F72C79719}.Release|Mixed Platforms.ActiveCfg = Release|Any CPU
		{54498FDE-2A22-4920-98BE-039F72C79719}.Release|Mixed Platforms.Build.0 = Release|Any CPU
		{54498FDE-2A22-4920-98BE-039F72C79719}.Release|x86.ActiveCfg = Release|Any CPU
		{6D09C436-EF4F-41F8-B92D-3C8B97CDEDB7}.Debug|Any CPU.ActiveCfg = Debug|Any CPU
		{6D09C436-EF4F-41F8-B92D-3C8B97CDEDB7}.Debug|Any CPU.Build.0 = Debug|Any CPU
		{6D09C436-EF4F-41F8-B92D-3C8B97CDEDB7}.Debug|Mixed Platforms.ActiveCfg = Debug|Any CPU
		{6D09C436-EF4F-41F8-B92D-3C8B97CDEDB7}.Debug|Mixed Platforms.Build.0 = Debug|Any CPU
		{6D09C436-EF4F-41F8-B92D-3C8B97CDEDB7}.Debug|x86.ActiveCfg = Debug|Any CPU
		{6D09C436-EF4F-41F8-B92D-3C8B97CDEDB7}.Release|Any CPU.ActiveCfg = Release|Any CPU
		{6D09C436-EF4F-41F8-B92D-3C8B97CDEDB7}.Release|Any CPU.Build.0 = Release|Any CPU
		{6D09C436-EF4F-41F8-B92D-3C8B97CDEDB7}.Release|Mixed Platforms.ActiveCfg = Release|Any CPU
		{6D09C436-EF4F-41F8-B92D-3C8B97CDEDB7}.Release|Mixed Platforms.Build.0 = Release|Any CPU
		{6D09C436-EF4F-41F8-B92D-3C8B97CDEDB7}.Release|x86.ActiveCfg = Release|Any CPU
		{233E5D1B-F9CA-4B69-BE2B-E2698ED84462}.Debug|Any CPU.ActiveCfg = Debug|Any CPU
		{233E5D1B-F9CA-4B69-BE2B-E2698ED84462}.Debug|Any CPU.Build.0 = Debug|Any CPU
		{233E5D1B-F9CA-4B69-BE2B-E2698ED84462}.Debug|Mixed Platforms.ActiveCfg = Debug|Any CPU
		{233E5D1B-F9CA-4B69-BE2B-E2698ED84462}.Debug|Mixed Platforms.Build.0 = Debug|Any CPU
		{233E5D1B-F9CA-4B69-BE2B-E2698ED84462}.Debug|x86.ActiveCfg = Debug|Any CPU
		{233E5D1B-F9CA-4B69-BE2B-E2698ED84462}.Release|Any CPU.ActiveCfg = Release|Any CPU
		{233E5D1B-F9CA-4B69-BE2B-E2698ED84462}.Release|Any CPU.Build.0 = Release|Any CPU
		{233E5D1B-F9CA-4B69-BE2B-E2698ED84462}.Release|Mixed Platforms.ActiveCfg = Release|Any CPU
		{233E5D1B-F9CA-4B69-BE2B-E2698ED84462}.Release|Mixed Platforms.Build.0 = Release|Any CPU
		{233E5D1B-F9CA-4B69-BE2B-E2698ED84462}.Release|x86.ActiveCfg = Release|Any CPU
		{BC723166-9AA6-4E4A-A71E-483C91356DE3}.Debug|Any CPU.ActiveCfg = Debug|Any CPU
		{BC723166-9AA6-4E4A-A71E-483C91356DE3}.Debug|Any CPU.Build.0 = Debug|Any CPU
		{BC723166-9AA6-4E4A-A71E-483C91356DE3}.Debug|Mixed Platforms.ActiveCfg = Debug|Any CPU
		{BC723166-9AA6-4E4A-A71E-483C91356DE3}.Debug|Mixed Platforms.Build.0 = Debug|Any CPU
		{BC723166-9AA6-4E4A-A71E-483C91356DE3}.Debug|x86.ActiveCfg = Debug|Any CPU
		{BC723166-9AA6-4E4A-A71E-483C91356DE3}.Release|Any CPU.ActiveCfg = Release|Any CPU
		{BC723166-9AA6-4E4A-A71E-483C91356DE3}.Release|Any CPU.Build.0 = Release|Any CPU
		{BC723166-9AA6-4E4A-A71E-483C91356DE3}.Release|Mixed Platforms.ActiveCfg = Release|Any CPU
		{BC723166-9AA6-4E4A-A71E-483C91356DE3}.Release|Mixed Platforms.Build.0 = Release|Any CPU
		{BC723166-9AA6-4E4A-A71E-483C91356DE3}.Release|x86.ActiveCfg = Release|Any CPU
		{C2296151-5300-49FE-BCC9-E8402D063C51}.Debug|Any CPU.ActiveCfg = Debug|Any CPU
		{C2296151-5300-49FE-BCC9-E8402D063C51}.Debug|Any CPU.Build.0 = Debug|Any CPU
		{C2296151-5300-49FE-BCC9-E8402D063C51}.Debug|Mixed Platforms.ActiveCfg = Debug|Any CPU
		{C2296151-5300-49FE-BCC9-E8402D063C51}.Debug|Mixed Platforms.Build.0 = Debug|Any CPU
		{C2296151-5300-49FE-BCC9-E8402D063C51}.Debug|x86.ActiveCfg = Debug|Any CPU
		{C2296151-5300-49FE-BCC9-E8402D063C51}.Debug|x86.Build.0 = Debug|Any CPU
		{C2296151-5300-49FE-BCC9-E8402D063C51}.Release|Any CPU.ActiveCfg = Release|Any CPU
		{C2296151-5300-49FE-BCC9-E8402D063C51}.Release|Any CPU.Build.0 = Release|Any CPU
		{C2296151-5300-49FE-BCC9-E8402D063C51}.Release|Mixed Platforms.ActiveCfg = Release|Any CPU
		{C2296151-5300-49FE-BCC9-E8402D063C51}.Release|Mixed Platforms.Build.0 = Release|Any CPU
		{C2296151-5300-49FE-BCC9-E8402D063C51}.Release|x86.ActiveCfg = Release|Any CPU
		{C2296151-5300-49FE-BCC9-E8402D063C51}.Release|x86.Build.0 = Release|Any CPU
	EndGlobalSection
	GlobalSection(SolutionProperties) = preSolution
		HideSolutionNode = FALSE
	EndGlobalSection
	GlobalSection(ExtensibilityGlobals) = postSolution
		SolutionGuid = {051D0591-B9B9-49F4-B0CE-0A6300C033B8}
	EndGlobalSection
EndGlobal
